<?xml version="1.0" encoding="utf-8"?>
<Project ToolsVersion="4.0" xmlns="http://schemas.microsoft.com/developer/msbuild/2003">
  <ItemGroup>
    <Filter Include="Source Files">
      <UniqueIdentifier>{4FC737F1-C7A5-4376-A066-2A32D752A2FF}</UniqueIdentifier>
      <Extensions>cpp;c;cc;cxx;c++;cppm;ixx;def;odl;idl;hpj;bat;asm;asmx</Extensions>
    </Filter>
    <Filter Include="Header Files">
      <UniqueIdentifier>{93995380-89BD-4b04-88EB-625FBE52EBFB}</UniqueIdentifier>
      <Extensions>h;hh;hpp;hxx;h++;hm;inl;inc;ipp;xsd</Extensions>
    </Filter>
    <Filter Include="Resource Files">
      <UniqueIdentifier>{67DA6AB6-F800-4c08-8B7A-83BB121AAD01}</UniqueIdentifier>
      <Extensions>rc;ico;cur;bmp;dlg;rc2;rct;bin;rgs;gif;jpg;jpeg;jpe;resx;tiff;tif;png;wav;mfcribbon-ms</Extensions>
    </Filter>
  </ItemGroup>
  <ItemGroup>
    <ClInclude Include="animated_widget.hpp">
      <Filter>Header Files</Filter>
    </ClInclude>
    <ClInclude Include="button_widget.hpp">
      <Filter>Header Files</Filter>
    </ClInclude>
    <ClInclude Include="checkbox_widget.hpp">
      <Filter>Header Files</Filter>
    </ClInclude>
    <ClInclude Include="ddmenu_option_widget.hpp">
      <Filter>Header Files</Filter>
    </ClInclude>
    <ClInclude Include="ddmenu_widget.hpp">
      <Filter>Header Files</Filter>
    </ClInclude>
    <ClInclude Include="image_button_widget.hpp">
      <Filter>Header Files</Filter>
    </ClInclude>
    <ClInclude Include="image_widget.hpp">
      <Filter>Header Files</Filter>
    </ClInclude>
    <ClInclude Include="point.hpp">
      <Filter>Header Files</Filter>
    </ClInclude>
    <ClInclude Include="progress_bar_widget.hpp">
      <Filter>Header Files</Filter>
    </ClInclude>
    <ClInclude Include="rect_widget.hpp">
      <Filter>Header Files</Filter>
    </ClInclude>
    <ClInclude Include="scrollbox_widget.hpp">
      <Filter>Header Files</Filter>
    </ClInclude>
    <ClInclude Include="slider_widget.hpp">
      <Filter>Header Files</Filter>
    </ClInclude>
    <ClInclude Include="text_input_widget.hpp">
      <Filter>Header Files</Filter>
    </ClInclude>
    <ClInclude Include="text_widget.hpp">
      <Filter>Header Files</Filter>
    </ClInclude>
    <ClInclude Include="vertical_slider_widget.hpp">
      <Filter>Header Files</Filter>
    </ClInclude>
    <ClInclude Include="widget.hpp">
      <Filter>Header Files</Filter>
    </ClInclude>
    <ClInclude Include="window.hpp">
      <Filter>Header Files</Filter>
    </ClInclude>
  </ItemGroup>
  <ItemGroup>
    <ClCompile Include="animated_widget_constructors.cpp">
      <Filter>Source Files</Filter>
    </ClCompile>
    <ClCompile Include="animated_widget_draw.cpp">
      <Filter>Source Files</Filter>
    </ClCompile>
    <ClCompile Include="animated_widget_tick.cpp">
      <Filter>Source Files</Filter>
    </ClCompile>
    <ClCompile Include="button_widget_constructors.cpp">
      <Filter>Source Files</Filter>
    </ClCompile>
    <ClCompile Include="button_widget_on_click.cpp">
      <Filter>Source Files</Filter>
    </ClCompile>
    <ClCompile Include="button_widget_set_text.cpp">
      <Filter>Source Files</Filter>
    </ClCompile>
    <ClCompile Include="checkbox_draw.cpp">
      <Filter>Source Files</Filter>
    </ClCompile>
    <ClCompile Include="checkbox_get_set_value.cpp">
      <Filter>Source Files</Filter>
    </ClCompile>
    <ClCompile Include="checkbox_on_click.cpp">
      <Filter>Source Files</Filter>
    </ClCompile>
    <ClCompile Include="checkbox_widget_constructors.cpp">
      <Filter>Source Files</Filter>
    </ClCompile>
    <ClCompile Include="checkbox_widget_init_lines.cpp">
      <Filter>Source Files</Filter>
    </ClCompile>
    <ClCompile Include="ddmenu_events.cpp">
      <Filter>Source Files</Filter>
    </ClCompile>
    <ClCompile Include="ddmenu_option_widget_constructors.cpp">
      <Filter>Source Files</Filter>
    </ClCompile>
    <ClCompile Include="ddmenu_option_widget_on_click.cpp">
      <Filter>Source Files</Filter>
    </ClCompile>
    <ClCompile Include="ddmenu_show_hide.cpp">
      <Filter>Source Files</Filter>
    </ClCompile>
    <ClCompile Include="ddmenu_widget_choose.cpp">
      <Filter>Source Files</Filter>
    </ClCompile>
    <ClCompile Include="ddmenu_widget_constructors.cpp">
      <Filter>Source Files</Filter>
    </ClCompile>
    <ClCompile Include="ddmenu_widget_on_change.cpp">
      <Filter>Source Files</Filter>
    </ClCompile>
    <ClCompile Include="image_button_widget_constructors.cpp">
      <Filter>Source Files</Filter>
    </ClCompile>
    <ClCompile Include="image_button_widget_on_click.cpp">
      <Filter>Source Files</Filter>
    </ClCompile>
    <ClCompile Include="image_widget_constructors.cpp">
      <Filter>Source Files</Filter>
    </ClCompile>
    <ClCompile Include="image_widget_draw.cpp">
      <Filter>Source Files</Filter>
    </ClCompile>
    <ClCompile Include="image_widget_on_click.cpp">
      <Filter>Source Files</Filter>
    </ClCompile>
    <ClCompile Include="point_operators.cpp">
      <Filter>Source Files</Filter>
    </ClCompile>
    <ClCompile Include="progress_bar_widget_constructors.cpp">
      <Filter>Source Files</Filter>
    </ClCompile>
    <ClCompile Include="progress_bar_widget_draw.cpp">
      <Filter>Source Files</Filter>
    </ClCompile>
    <ClCompile Include="progress_bar_widget_set_ratio.cpp">
      <Filter>Source Files</Filter>
    </ClCompile>
    <ClCompile Include="rect_widget_constructors.cpp">
      <Filter>Source Files</Filter>
    </ClCompile>
    <ClCompile Include="rect_widget_draw.cpp">
      <Filter>Source Files</Filter>
    </ClCompile>
    <ClCompile Include="scrollbox_widget_constructors.cpp">
      <Filter>Source Files</Filter>
    </ClCompile>
    <ClCompile Include="scrollbox_widget_draw.cpp">
      <Filter>Source Files</Filter>
    </ClCompile>
    <ClCompile Include="scrollbox_widget_events.cpp">
      <Filter>Source Files</Filter>
    </ClCompile>
    <ClCompile Include="scrollbox_widget_process_click.cpp">
      <Filter>Source Files</Filter>
    </ClCompile>
    <ClCompile Include="slider_widget_constructors.cpp">
      <Filter>Source Files</Filter>
    </ClCompile>
    <ClCompile Include="slider_widget_draw.cpp">
      <Filter>Source Files</Filter>
    </ClCompile>
    <ClCompile Include="slider_widget_on_click.cpp">
      <Filter>Source Files</Filter>
    </ClCompile>
    <ClCompile Include="text_input_widget_constructors.cpp">
      <Filter>Source Files</Filter>
    </ClCompile>
    <ClCompile Include="text_input_widget_draw.cpp">
      <Filter>Source Files</Filter>
    </ClCompile>
    <ClCompile Include="text_input_widget_keypressed.cpp">
      <Filter>Source Files</Filter>
    </ClCompile>
    <ClCompile Include="text_input_widget_set_value.cpp">
      <Filter>Source Files</Filter>
    </ClCompile>
    <ClCompile Include="text_widget_constructors.cpp">
      <Filter>Source Files</Filter>
    </ClCompile>
    <ClCompile Include="text_widget_draw.cpp">
      <Filter>Source Files</Filter>
    </ClCompile>
    <ClCompile Include="text_widget_get_textrect.cpp">
      <Filter>Source Files</Filter>
    </ClCompile>
    <ClCompile Include="text_widget_set_content.cpp">
      <Filter>Source Files</Filter>
    </ClCompile>
    <ClCompile Include="text_widget_set_p.cpp">
      <Filter>Source Files</Filter>
    </ClCompile>
    <ClCompile Include="vertical_slider_widget_constructors.cpp">
      <Filter>Source Files</Filter>
    </ClCompile>
    <ClCompile Include="vertical_slider_widget_draw.cpp">
      <Filter>Source Files</Filter>
    </ClCompile>
    <ClCompile Include="vertical_slider_widget_on_click.cpp">
      <Filter>Source Files</Filter>
    </ClCompile>
    <ClCompile Include="widget_add_child.cpp">
      <Filter>Source Files</Filter>
    </ClCompile>
    <ClCompile Include="widget_constructors.cpp">
      <Filter>Source Files</Filter>
    </ClCompile>
    <ClCompile Include="widget_destructor.cpp">
      <Filter>Source Files</Filter>
    </ClCompile>
    <ClCompile Include="widget_draw.cpp">
      <Filter>Source Files</Filter>
    </ClCompile>
    <ClCompile Include="widget_process_click.cpp">
      <Filter>Source Files</Filter>
    </ClCompile>
    <ClCompile Include="widget_set_visibility.cpp">
      <Filter>Source Files</Filter>
    </ClCompile>
    <ClCompile Include="widget_tick.cpp">
      <Filter>Source Files</Filter>
    </ClCompile>
  </ItemGroup>
</Project>